// !$*UTF8*$!
{
	archiveVersion = 1;
	classes = {
	};
	objectVersion = 46;
	objects = {

/* Begin PBXBuildFile section */
		2F8667451D46FF860077435E /* ShareViewController.m in Sources */ = {isa = PBXBuildFile; fileRef = 2F8667441D46FF860077435E /* ShareViewController.m */; };
		2F8667481D46FF860077435E /* MainInterface.storyboard in Resources */ = {isa = PBXBuildFile; fileRef = 2F8667461D46FF860077435E /* MainInterface.storyboard */; };
		2F86674C1D46FF860077435E /* ShareExt.appex in Embed App Extensions */ = {isa = PBXBuildFile; fileRef = 2F8667411D46FF850077435E /* ShareExt.appex */; settings = {ATTRIBUTES = (RemoveHeadersOnCopy, ); }; };
		2F8B70C31D3DD32600962C62 /* main.m in Sources */ = {isa = PBXBuildFile; fileRef = 2F8B70C21D3DD32600962C62 /* main.m */; };
		2F8B70C61D3DD32600962C62 /* AppDelegate.m in Sources */ = {isa = PBXBuildFile; fileRef = 2F8B70C51D3DD32600962C62 /* AppDelegate.m */; };
		2F8B70C91D3DD32600962C62 /* ViewController.m in Sources */ = {isa = PBXBuildFile; fileRef = 2F8B70C81D3DD32600962C62 /* ViewController.m */; };
		2F8B70CC1D3DD32600962C62 /* Main.storyboard in Resources */ = {isa = PBXBuildFile; fileRef = 2F8B70CA1D3DD32600962C62 /* Main.storyboard */; };
		2F8B70CE1D3DD32600962C62 /* Assets.xcassets in Resources */ = {isa = PBXBuildFile; fileRef = 2F8B70CD1D3DD32600962C62 /* Assets.xcassets */; };
		2F8B70D11D3DD32600962C62 /* LaunchScreen.storyboard in Resources */ = {isa = PBXBuildFile; fileRef = 2F8B70CF1D3DD32600962C62 /* LaunchScreen.storyboard */; };
		2F8B70DC1D3DD32600962C62 /* DoubiDemoTests.m in Sources */ = {isa = PBXBuildFile; fileRef = 2F8B70DB1D3DD32600962C62 /* DoubiDemoTests.m */; };
		2F8B70E71D3DD32600962C62 /* DoubiDemoUITests.m in Sources */ = {isa = PBXBuildFile; fileRef = 2F8B70E61D3DD32600962C62 /* DoubiDemoUITests.m */; };
		2F8B70F61D3DD51800962C62 /* PriceAlertView.m in Sources */ = {isa = PBXBuildFile; fileRef = 2F8B70F51D3DD51800962C62 /* PriceAlertView.m */; };
		2F8B70F91D3DD62F00962C62 /* PriceCell.m in Sources */ = {isa = PBXBuildFile; fileRef = 2F8B70F81D3DD62F00962C62 /* PriceCell.m */; };
		2F8B70FB1D3DD6AD00962C62 /* PriceCell.xib in Resources */ = {isa = PBXBuildFile; fileRef = 2F8B70FA1D3DD6AD00962C62 /* PriceCell.xib */; };
/* End PBXBuildFile section */

/* Begin PBXContainerItemProxy section */
		2F86674A1D46FF860077435E /* PBXContainerItemProxy */ = {
			isa = PBXContainerItemProxy;
			containerPortal = 2F8B70B61D3DD32500962C62 /* Project object */;
			proxyType = 1;
			remoteGlobalIDString = 2F8667401D46FF850077435E;
			remoteInfo = ShareExt;
		};
		2F8B70D81D3DD32600962C62 /* PBXContainerItemProxy */ = {
			isa = PBXContainerItemProxy;
			containerPortal = 2F8B70B61D3DD32500962C62 /* Project object */;
			proxyType = 1;
			remoteGlobalIDString = 2F8B70BD1D3DD32500962C62;
			remoteInfo = DoubiDemo;
		};
		2F8B70E31D3DD32600962C62 /* PBXContainerItemProxy */ = {
			isa = PBXContainerItemProxy;
			containerPortal = 2F8B70B61D3DD32500962C62 /* Project object */;
			proxyType = 1;
			remoteGlobalIDString = 2F8B70BD1D3DD32500962C62;
			remoteInfo = DoubiDemo;
		};
/* End PBXContainerItemProxy section */

/* Begin PBXCopyFilesBuildPhase section */
		2F8667501D46FF860077435E /* Embed App Extensions */ = {
			isa = PBXCopyFilesBuildPhase;
			buildActionMask = 2147483647;
			dstPath = "";
			dstSubfolderSpec = 13;
			files = (
				2F86674C1D46FF860077435E /* ShareExt.appex in Embed App Extensions */,
			);
			name = "Embed App Extensions";
			runOnlyForDeploymentPostprocessing = 0;
		};
/* End PBXCopyFilesBuildPhase section */

/* Begin PBXFileReference section */
		2F8667411D46FF850077435E /* ShareExt.appex */ = {isa = PBXFileReference; explicitFileType = "wrapper.app-extension"; includeInIndex = 0; path = ShareExt.appex; sourceTree = BUILT_PRODUCTS_DIR; };
		2F8667431D46FF850077435E /* ShareViewController.h */ = {isa = PBXFileReference; lastKnownFileType = sourcecode.c.h; path = ShareViewController.h; sourceTree = "<group>"; };
		2F8667441D46FF860077435E /* ShareViewController.m */ = {isa = PBXFileReference; lastKnownFileType = sourcecode.c.objc; path = ShareViewController.m; sourceTree = "<group>"; };
		2F8667471D46FF860077435E /* Base */ = {isa = PBXFileReference; lastKnownFileType = file.storyboard; name = Base; path = Base.lproj/MainInterface.storyboard; sourceTree = "<group>"; };
		2F8667491D46FF860077435E /* Info.plist */ = {isa = PBXFileReference; lastKnownFileType = text.plist.xml; path = Info.plist; sourceTree = "<group>"; };
		2F8667511D4700030077435E /* DoubiDemo.entitlements */ = {isa = PBXFileReference; lastKnownFileType = text.xml; path = DoubiDemo.entitlements; sourceTree = "<group>"; };
		2F8667521D4700300077435E /* ShareExt.entitlements */ = {isa = PBXFileReference; lastKnownFileType = text.xml; path = ShareExt.entitlements; sourceTree = "<group>"; };
		2F8B70BE1D3DD32500962C62 /* DoubiDemo.app */ = {isa = PBXFileReference; explicitFileType = wrapper.application; includeInIndex = 0; path = DoubiDemo.app; sourceTree = BUILT_PRODUCTS_DIR; };
		2F8B70C21D3DD32600962C62 /* main.m */ = {isa = PBXFileReference; lastKnownFileType = sourcecode.c.objc; path = main.m; sourceTree = "<group>"; };
		2F8B70C41D3DD32600962C62 /* AppDelegate.h */ = {isa = PBXFileReference; lastKnownFileType = sourcecode.c.h; path = AppDelegate.h; sourceTree = "<group>"; };
		2F8B70C51D3DD32600962C62 /* AppDelegate.m */ = {isa = PBXFileReference; lastKnownFileType = sourcecode.c.objc; path = AppDelegate.m; sourceTree = "<group>"; };
		2F8B70C71D3DD32600962C62 /* ViewController.h */ = {isa = PBXFileReference; lastKnownFileType = sourcecode.c.h; path = ViewController.h; sourceTree = "<group>"; };
		2F8B70C81D3DD32600962C62 /* ViewController.m */ = {isa = PBXFileReference; lastKnownFileType = sourcecode.c.objc; path = ViewController.m; sourceTree = "<group>"; };
		2F8B70CB1D3DD32600962C62 /* Base */ = {isa = PBXFileReference; lastKnownFileType = file.storyboard; name = Base; path = Base.lproj/Main.storyboard; sourceTree = "<group>"; };
		2F8B70CD1D3DD32600962C62 /* Assets.xcassets */ = {isa = PBXFileReference; lastKnownFileType = folder.assetcatalog; path = Assets.xcassets; sourceTree = "<group>"; };
		2F8B70D01D3DD32600962C62 /* Base */ = {isa = PBXFileReference; lastKnownFileType = file.storyboard; name = Base; path = Base.lproj/LaunchScreen.storyboard; sourceTree = "<group>"; };
		2F8B70D21D3DD32600962C62 /* Info.plist */ = {isa = PBXFileReference; lastKnownFileType = text.plist.xml; path = Info.plist; sourceTree = "<group>"; };
		2F8B70D71D3DD32600962C62 /* DoubiDemoTests.xctest */ = {isa = PBXFileReference; explicitFileType = wrapper.cfbundle; includeInIndex = 0; path = DoubiDemoTests.xctest; sourceTree = BUILT_PRODUCTS_DIR; };
		2F8B70DB1D3DD32600962C62 /* DoubiDemoTests.m */ = {isa = PBXFileReference; lastKnownFileType = sourcecode.c.objc; path = DoubiDemoTests.m; sourceTree = "<group>"; };
		2F8B70DD1D3DD32600962C62 /* Info.plist */ = {isa = PBXFileReference; lastKnownFileType = text.plist.xml; path = Info.plist; sourceTree = "<group>"; };
		2F8B70E21D3DD32600962C62 /* DoubiDemoUITests.xctest */ = {isa = PBXFileReference; explicitFileType = wrapper.cfbundle; includeInIndex = 0; path = DoubiDemoUITests.xctest; sourceTree = BUILT_PRODUCTS_DIR; };
		2F8B70E61D3DD32600962C62 /* DoubiDemoUITests.m */ = {isa = PBXFileReference; lastKnownFileType = sourcecode.c.objc; path = DoubiDemoUITests.m; sourceTree = "<group>"; };
		2F8B70E81D3DD32600962C62 /* Info.plist */ = {isa = PBXFileReference; lastKnownFileType = text.plist.xml; path = Info.plist; sourceTree = "<group>"; };
		2F8B70F41D3DD51800962C62 /* PriceAlertView.h */ = {isa = PBXFileReference; fileEncoding = 4; lastKnownFileType = sourcecode.c.h; path = PriceAlertView.h; sourceTree = "<group>"; };
		2F8B70F51D3DD51800962C62 /* PriceAlertView.m */ = {isa = PBXFileReference; fileEncoding = 4; lastKnownFileType = sourcecode.c.objc; path = PriceAlertView.m; sourceTree = "<group>"; };
		2F8B70F71D3DD62F00962C62 /* PriceCell.h */ = {isa = PBXFileReference; fileEncoding = 4; lastKnownFileType = sourcecode.c.h; path = PriceCell.h; sourceTree = "<group>"; };
		2F8B70F81D3DD62F00962C62 /* PriceCell.m */ = {isa = PBXFileReference; fileEncoding = 4; lastKnownFileType = sourcecode.c.objc; path = PriceCell.m; sourceTree = "<group>"; };
		2F8B70FA1D3DD6AD00962C62 /* PriceCell.xib */ = {isa = PBXFileReference; fileEncoding = 4; lastKnownFileType = file.xib; path = PriceCell.xib; sourceTree = "<group>"; };
/* End PBXFileReference section */

/* Begin PBXFrameworksBuildPhase section */
		2F86673E1D46FF850077435E /* Frameworks */ = {
			isa = PBXFrameworksBuildPhase;
			buildActionMask = 2147483647;
			files = (
			);
			runOnlyForDeploymentPostprocessing = 0;
		};
		2F8B70BB1D3DD32500962C62 /* Frameworks */ = {
			isa = PBXFrameworksBuildPhase;
			buildActionMask = 2147483647;
			files = (
			);
			runOnlyForDeploymentPostprocessing = 0;
		};
		2F8B70D41D3DD32600962C62 /* Frameworks */ = {
			isa = PBXFrameworksBuildPhase;
			buildActionMask = 2147483647;
			files = (
			);
			runOnlyForDeploymentPostprocessing = 0;
		};
		2F8B70DF1D3DD32600962C62 /* Frameworks */ = {
			isa = PBXFrameworksBuildPhase;
			buildActionMask = 2147483647;
			files = (
			);
			runOnlyForDeploymentPostprocessing = 0;
		};
/* End PBXFrameworksBuildPhase section */

/* Begin PBXGroup section */
		2F8667421D46FF850077435E /* ShareExt */ = {
			isa = PBXGroup;
			children = (
				2F8667521D4700300077435E /* ShareExt.entitlements */,
				2F8667431D46FF850077435E /* ShareViewController.h */,
				2F8667441D46FF860077435E /* ShareViewController.m */,
				2F8667461D46FF860077435E /* MainInterface.storyboard */,
				2F8667491D46FF860077435E /* Info.plist */,
			);
			path = ShareExt;
			sourceTree = "<group>";
		};
		2F8B70B51D3DD32500962C62 = {
			isa = PBXGroup;
			children = (
				2F8B70C01D3DD32600962C62 /* DoubiDemo */,
				2F8B70DA1D3DD32600962C62 /* DoubiDemoTests */,
				2F8B70E51D3DD32600962C62 /* DoubiDemoUITests */,
				2F8667421D46FF850077435E /* ShareExt */,
				2F8B70BF1D3DD32500962C62 /* Products */,
			);
			sourceTree = "<group>";
		};
		2F8B70BF1D3DD32500962C62 /* Products */ = {
			isa = PBXGroup;
			children = (
				2F8B70BE1D3DD32500962C62 /* DoubiDemo.app */,
				2F8B70D71D3DD32600962C62 /* DoubiDemoTests.xctest */,
				2F8B70E21D3DD32600962C62 /* DoubiDemoUITests.xctest */,
				2F8667411D46FF850077435E /* ShareExt.appex */,
			);
			name = Products;
			sourceTree = "<group>";
		};
		2F8B70C01D3DD32600962C62 /* DoubiDemo */ = {
			isa = PBXGroup;
			children = (
				2F8667511D4700030077435E /* DoubiDemo.entitlements */,
				2F8B70C41D3DD32600962C62 /* AppDelegate.h */,
				2F8B70C51D3DD32600962C62 /* AppDelegate.m */,
				2F8B70C71D3DD32600962C62 /* ViewController.h */,
				2F8B70C81D3DD32600962C62 /* ViewController.m */,
				2F8B70FC1D3DD83700962C62 /* AlertView */,
				2F8B70CA1D3DD32600962C62 /* Main.storyboard */,
				2F8B70CD1D3DD32600962C62 /* Assets.xcassets */,
				2F8B70CF1D3DD32600962C62 /* LaunchScreen.storyboard */,
				2F8B70D21D3DD32600962C62 /* Info.plist */,
				2F8B70C11D3DD32600962C62 /* Supporting Files */,
			);
			path = DoubiDemo;
			sourceTree = "<group>";
		};
		2F8B70C11D3DD32600962C62 /* Supporting Files */ = {
			isa = PBXGroup;
			children = (
				2F8B70C21D3DD32600962C62 /* main.m */,
			);
			name = "Supporting Files";
			sourceTree = "<group>";
		};
		2F8B70DA1D3DD32600962C62 /* DoubiDemoTests */ = {
			isa = PBXGroup;
			children = (
				2F8B70DB1D3DD32600962C62 /* DoubiDemoTests.m */,
				2F8B70DD1D3DD32600962C62 /* Info.plist */,
			);
			path = DoubiDemoTests;
			sourceTree = "<group>";
		};
		2F8B70E51D3DD32600962C62 /* DoubiDemoUITests */ = {
			isa = PBXGroup;
			children = (
				2F8B70E61D3DD32600962C62 /* DoubiDemoUITests.m */,
				2F8B70E81D3DD32600962C62 /* Info.plist */,
			);
			path = DoubiDemoUITests;
			sourceTree = "<group>";
		};
		2F8B70FC1D3DD83700962C62 /* AlertView */ = {
			isa = PBXGroup;
			children = (
				2F8B70F41D3DD51800962C62 /* PriceAlertView.h */,
				2F8B70F51D3DD51800962C62 /* PriceAlertView.m */,
				2F8B70F71D3DD62F00962C62 /* PriceCell.h */,
				2F8B70F81D3DD62F00962C62 /* PriceCell.m */,
				2F8B70FA1D3DD6AD00962C62 /* PriceCell.xib */,
			);
			name = AlertView;
			sourceTree = "<group>";
		};
/* End PBXGroup section */

/* Begin PBXNativeTarget section */
		2F8667401D46FF850077435E /* ShareExt */ = {
			isa = PBXNativeTarget;
			buildConfigurationList = 2F86674F1D46FF860077435E /* Build configuration list for PBXNativeTarget "ShareExt" */;
			buildPhases = (
				2F86673D1D46FF850077435E /* Sources */,
				2F86673E1D46FF850077435E /* Frameworks */,
				2F86673F1D46FF850077435E /* Resources */,
			);
			buildRules = (
			);
			dependencies = (
			);
			name = ShareExt;
			productName = ShareExt;
			productReference = 2F8667411D46FF850077435E /* ShareExt.appex */;
			productType = "com.apple.product-type.app-extension";
		};
		2F8B70BD1D3DD32500962C62 /* DoubiDemo */ = {
			isa = PBXNativeTarget;
			buildConfigurationList = 2F8B70EB1D3DD32600962C62 /* Build configuration list for PBXNativeTarget "DoubiDemo" */;
			buildPhases = (
				2F8B70BA1D3DD32500962C62 /* Sources */,
				2F8B70BB1D3DD32500962C62 /* Frameworks */,
				2F8B70BC1D3DD32500962C62 /* Resources */,
				2F8667501D46FF860077435E /* Embed App Extensions */,
			);
			buildRules = (
			);
			dependencies = (
				2F86674B1D46FF860077435E /* PBXTargetDependency */,
			);
			name = DoubiDemo;
			productName = DoubiDemo;
			productReference = 2F8B70BE1D3DD32500962C62 /* DoubiDemo.app */;
			productType = "com.apple.product-type.application";
		};
		2F8B70D61D3DD32600962C62 /* DoubiDemoTests */ = {
			isa = PBXNativeTarget;
			buildConfigurationList = 2F8B70EE1D3DD32600962C62 /* Build configuration list for PBXNativeTarget "DoubiDemoTests" */;
			buildPhases = (
				2F8B70D31D3DD32600962C62 /* Sources */,
				2F8B70D41D3DD32600962C62 /* Frameworks */,
				2F8B70D51D3DD32600962C62 /* Resources */,
			);
			buildRules = (
			);
			dependencies = (
				2F8B70D91D3DD32600962C62 /* PBXTargetDependency */,
			);
			name = DoubiDemoTests;
			productName = DoubiDemoTests;
			productReference = 2F8B70D71D3DD32600962C62 /* DoubiDemoTests.xctest */;
			productType = "com.apple.product-type.bundle.unit-test";
		};
		2F8B70E11D3DD32600962C62 /* DoubiDemoUITests */ = {
			isa = PBXNativeTarget;
			buildConfigurationList = 2F8B70F11D3DD32600962C62 /* Build configuration list for PBXNativeTarget "DoubiDemoUITests" */;
			buildPhases = (
				2F8B70DE1D3DD32600962C62 /* Sources */,
				2F8B70DF1D3DD32600962C62 /* Frameworks */,
				2F8B70E01D3DD32600962C62 /* Resources */,
			);
			buildRules = (
			);
			dependencies = (
				2F8B70E41D3DD32600962C62 /* PBXTargetDependency */,
			);
			name = DoubiDemoUITests;
			productName = DoubiDemoUITests;
			productReference = 2F8B70E21D3DD32600962C62 /* DoubiDemoUITests.xctest */;
			productType = "com.apple.product-type.bundle.ui-testing";
		};
/* End PBXNativeTarget section */

/* Begin PBXProject section */
		2F8B70B61D3DD32500962C62 /* Project object */ = {
			isa = PBXProject;
			attributes = {
				LastUpgradeCheck = 0730;
				ORGANIZATIONNAME = Mac;
				TargetAttributes = {
					2F8667401D46FF850077435E = {
						CreatedOnToolsVersion = 7.3.1;
						DevelopmentTeam = HN3AXWJXLU;
						SystemCapabilities = {
							com.apple.ApplicationGroups.iOS = {
								enabled = 1;
							};
						};
					};
					2F8B70BD1D3DD32500962C62 = {
						CreatedOnToolsVersion = 7.3.1;
						DevelopmentTeam = HN3AXWJXLU;
						SystemCapabilities = {
							com.apple.ApplicationGroups.iOS = {
								enabled = 1;
							};
						};
					};
					2F8B70D61D3DD32600962C62 = {
						CreatedOnToolsVersion = 7.3.1;
						TestTargetID = 2F8B70BD1D3DD32500962C62;
					};
					2F8B70E11D3DD32600962C62 = {
						CreatedOnToolsVersion = 7.3.1;
						TestTargetID = 2F8B70BD1D3DD32500962C62;
					};
				};
			};
			buildConfigurationList = 2F8B70B91D3DD32500962C62 /* Build configuration list for PBXProject "DoubiDemo" */;
			compatibilityVersion = "Xcode 3.2";
			developmentRegion = English;
			hasScannedForEncodings = 0;
			knownRegions = (
				en,
				Base,
			);
			mainGroup = 2F8B70B51D3DD32500962C62;
			productRefGroup = 2F8B70BF1D3DD32500962C62 /* Products */;
			projectDirPath = "";
			projectRoot = "";
			targets = (
				2F8B70BD1D3DD32500962C62 /* DoubiDemo */,
				2F8B70D61D3DD32600962C62 /* DoubiDemoTests */,
				2F8B70E11D3DD32600962C62 /* DoubiDemoUITests */,
				2F8667401D46FF850077435E /* ShareExt */,
			);
		};
/* End PBXProject section */

/* Begin PBXResourcesBuildPhase section */
		2F86673F1D46FF850077435E /* Resources */ = {
			isa = PBXResourcesBuildPhase;
			buildActionMask = 2147483647;
			files = (
				2F8667481D46FF860077435E /* MainInterface.storyboard in Resources */,
			);
			runOnlyForDeploymentPostprocessing = 0;
		};
		2F8B70BC1D3DD32500962C62 /* Resources */ = {
			isa = PBXResourcesBuildPhase;
			buildActionMask = 2147483647;
			files = (
				2F8B70D11D3DD32600962C62 /* LaunchScreen.storyboard in Resources */,
				2F8B70FB1D3DD6AD00962C62 /* PriceCell.xib in Resources */,
				2F8B70CE1D3DD32600962C62 /* Assets.xcassets in Resources */,
				2F8B70CC1D3DD32600962C62 /* Main.storyboard in Resources */,
			);
			runOnlyForDeploymentPostprocessing = 0;
		};
		2F8B70D51D3DD32600962C62 /* Resources */ = {
			isa = PBXResourcesBuildPhase;
			buildActionMask = 2147483647;
			files = (
			);
			runOnlyForDeploymentPostprocessing = 0;
		};
		2F8B70E01D3DD32600962C62 /* Resources */ = {
			isa = PBXResourcesBuildPhase;
			buildActionMask = 2147483647;
			files = (
			);
			runOnlyForDeploymentPostprocessing = 0;
		};
/* End PBXResourcesBuildPhase section */

/* Begin PBXSourcesBuildPhase section */
		2F86673D1D46FF850077435E /* Sources */ = {
			isa = PBXSourcesBuildPhase;
			buildActionMask = 2147483647;
			files = (
				2F8667451D46FF860077435E /* ShareViewController.m in Sources */,
			);
			runOnlyForDeploymentPostprocessing = 0;
		};
		2F8B70BA1D3DD32500962C62 /* Sources */ = {
			isa = PBXSourcesBuildPhase;
			buildActionMask = 2147483647;
			files = (
				2F8B70F91D3DD62F00962C62 /* PriceCell.m in Sources */,
				2F8B70C91D3DD32600962C62 /* ViewController.m in Sources */,
				2F8B70F61D3DD51800962C62 /* PriceAlertView.m in Sources */,
				2F8B70C61D3DD32600962C62 /* AppDelegate.m in Sources */,
				2F8B70C31D3DD32600962C62 /* main.m in Sources */,
			);
			runOnlyForDeploymentPostprocessing = 0;
		};
		2F8B70D31D3DD32600962C62 /* Sources */ = {
			isa = PBXSourcesBuildPhase;
			buildActionMask = 2147483647;
			files = (
				2F8B70DC1D3DD32600962C62 /* DoubiDemoTests.m in Sources */,
			);
			runOnlyForDeploymentPostprocessing = 0;
		};
		2F8B70DE1D3DD32600962C62 /* Sources */ = {
			isa = PBXSourcesBuildPhase;
			buildActionMask = 2147483647;
			files = (
				2F8B70E71D3DD32600962C62 /* DoubiDemoUITests.m in Sources */,
			);
			runOnlyForDeploymentPostprocessing = 0;
		};
/* End PBXSourcesBuildPhase section */

/* Begin PBXTargetDependency section */
		2F86674B1D46FF860077435E /* PBXTargetDependency */ = {
			isa = PBXTargetDependency;
			target = 2F8667401D46FF850077435E /* ShareExt */;
			targetProxy = 2F86674A1D46FF860077435E /* PBXContainerItemProxy */;
		};
		2F8B70D91D3DD32600962C62 /* PBXTargetDependency */ = {
			isa = PBXTargetDependency;
			target = 2F8B70BD1D3DD32500962C62 /* DoubiDemo */;
			targetProxy = 2F8B70D81D3DD32600962C62 /* PBXContainerItemProxy */;
		};
		2F8B70E41D3DD32600962C62 /* PBXTargetDependency */ = {
			isa = PBXTargetDependency;
			target = 2F8B70BD1D3DD32500962C62 /* DoubiDemo */;
			targetProxy = 2F8B70E31D3DD32600962C62 /* PBXContainerItemProxy */;
		};
/* End PBXTargetDependency section */

/* Begin PBXVariantGroup section */
		2F8667461D46FF860077435E /* MainInterface.storyboard */ = {
			isa = PBXVariantGroup;
			children = (
				2F8667471D46FF860077435E /* Base */,
			);
			name = MainInterface.storyboard;
			sourceTree = "<group>";
		};
		2F8B70CA1D3DD32600962C62 /* Main.storyboard */ = {
			isa = PBXVariantGroup;
			children = (
				2F8B70CB1D3DD32600962C62 /* Base */,
			);
			name = Main.storyboard;
			sourceTree = "<group>";
		};
		2F8B70CF1D3DD32600962C62 /* LaunchScreen.storyboard */ = {
			isa = PBXVariantGroup;
			children = (
				2F8B70D01D3DD32600962C62 /* Base */,
			);
			name = LaunchScreen.storyboard;
			sourceTree = "<group>";
		};
/* End PBXVariantGroup section */

/* Begin XCBuildConfiguration section */
		2F86674D1D46FF860077435E /* Debug */ = {
			isa = XCBuildConfiguration;
			buildSettings = {
				CODE_SIGN_ENTITLEMENTS = ShareExt/ShareExt.entitlements;
				CODE_SIGN_IDENTITY = "iPhone Developer";
				INFOPLIST_FILE = ShareExt/Info.plist;
				LD_RUNPATH_SEARCH_PATHS = "$(inherited) @executable_path/Frameworks @executable_path/../../Frameworks";
				PRODUCT_BUNDLE_IDENTIFIER = com.52hupin.DoubiDemo.ShareExt;
				PRODUCT_NAME = "$(TARGET_NAME)";
				SKIP_INSTALL = YES;
			};
			name = Debug;
		};
		2F86674E1D46FF860077435E /* Release */ = {
			isa = XCBuildConfiguration;
			buildSettings = {
				CODE_SIGN_ENTITLEMENTS = ShareExt/ShareExt.entitlements;
				CODE_SIGN_IDENTITY = "iPhone Developer";
				INFOPLIST_FILE = ShareExt/Info.plist;
				LD_RUNPATH_SEARCH_PATHS = "$(inherited) @executable_path/Frameworks @executable_path/../../Frameworks";
				PRODUCT_BUNDLE_IDENTIFIER = com.52hupin.DoubiDemo.ShareExt;
				PRODUCT_NAME = "$(TARGET_NAME)";
				SKIP_INSTALL = YES;
			};
			name = Release;
		};
		2F8B70E91D3DD32600962C62 /* Debug */ = {
			isa = XCBuildConfiguration;
			buildSettings = {
				ALWAYS_SEARCH_USER_PATHS = NO;
				CLANG_ANALYZER_NONNULL = YES;
				CLANG_CXX_LANGUAGE_STANDARD = "gnu++0x";
				CLANG_CXX_LIBRARY = "libc++";
				CLANG_ENABLE_MODULES = YES;
				CLANG_ENABLE_OBJC_ARC = YES;
				CLANG_WARN_BOOL_CONVERSION = YES;
				CLANG_WARN_CONSTANT_CONVERSION = YES;
				CLANG_WARN_DIRECT_OBJC_ISA_USAGE = YES_ERROR;
				CLANG_WARN_EMPTY_BODY = YES;
				CLANG_WARN_ENUM_CONVERSION = YES;
				CLANG_WARN_INT_CONVERSION = YES;
				CLANG_WARN_OBJC_ROOT_CLASS = YES_ERROR;
				CLANG_WARN_UNREACHABLE_CODE = YES;
				CLANG_WARN__DUPLICATE_METHOD_MATCH = YES;
				CODE_SIGN_IDENTITY = "iPhone Developer";
				"CODE_SIGN_IDENTITY[sdk=iphoneos*]" = "iPhone Developer";
				COPY_PHASE_STRIP = NO;
				DEBUG_INFORMATION_FORMAT = dwarf;
				ENABLE_STRICT_OBJC_MSGSEND = YES;
				ENABLE_TESTABILITY = YES;
				GCC_C_LANGUAGE_STANDARD = gnu99;
				GCC_DYNAMIC_NO_PIC = NO;
				GCC_NO_COMMON_BLOCKS = YES;
				GCC_OPTIMIZATION_LEVEL = 0;
				GCC_PREPROCESSOR_DEFINITIONS = (
					"DEBUG=1",
					"$(inherited)",
				);
				GCC_WARN_64_TO_32_BIT_CONVERSION = YES;
				GCC_WARN_ABOUT_RETURN_TYPE = YES_ERROR;
				GCC_WARN_UNDECLARED_SELECTOR = YES;
				GCC_WARN_UNINITIALIZED_AUTOS = YES_AGGRESSIVE;
				GCC_WARN_UNUSED_FUNCTION = YES;
				GCC_WARN_UNUSED_VARIABLE = YES;
				IPHONEOS_DEPLOYMENT_TARGET = 9.3;
				MTL_ENABLE_DEBUG_INFO = YES;
				ONLY_ACTIVE_ARCH = YES;
				SDKROOT = iphoneos;
				TARGETED_DEVICE_FAMILY = 2;
			};
			name = Debug;
		};
		2F8B70EA1D3DD32600962C62 /* Release */ = {
			isa = XCBuildConfiguration;
			buildSettings = {
				ALWAYS_SEARCH_USER_PATHS = NO;
				CLANG_ANALYZER_NONNULL = YES;
				CLANG_CXX_LANGUAGE_STANDARD = "gnu++0x";
				CLANG_CXX_LIBRARY = "libc++";
				CLANG_ENABLE_MODULES = YES;
				CLANG_ENABLE_OBJC_ARC = YES;
				CLANG_WARN_BOOL_CONVERSION = YES;
				CLANG_WARN_CONSTANT_CONVERSION = YES;
				CLANG_WARN_DIRECT_OBJC_ISA_USAGE = YES_ERROR;
				CLANG_WARN_EMPTY_BODY = YES;
				CLANG_WARN_ENUM_CONVERSION = YES;
				CLANG_WARN_INT_CONVERSION = YES;
				CLANG_WARN_OBJC_ROOT_CLASS = YES_ERROR;
				CLANG_WARN_UNREACHABLE_CODE = YES;
				CLANG_WARN__DUPLICATE_METHOD_MATCH = YES;
				CODE_SIGN_IDENTITY = "iPhone Developer";
				"CODE_SIGN_IDENTITY[sdk=iphoneos*]" = "iPhone Developer";
				COPY_PHASE_STRIP = NO;
				DEBUG_INFORMATION_FORMAT = "dwarf-with-dsym";
				ENABLE_NS_ASSERTIONS = NO;
				ENABLE_STRICT_OBJC_MSGSEND = YES;
				GCC_C_LANGUAGE_STANDARD = gnu99;
				GCC_NO_COMMON_BLOCKS = YES;
				GCC_WARN_64_TO_32_BIT_CONVERSION = YES;
				GCC_WARN_ABOUT_RETURN_TYPE = YES_ERROR;
				GCC_WARN_UNDECLARED_SELECTOR = YES;
				GCC_WARN_UNINITIALIZED_AUTOS = YES_AGGRESSIVE;
				GCC_WARN_UNUSED_FUNCTION = YES;
				GCC_WARN_UNUSED_VARIABLE = YES;
				IPHONEOS_DEPLOYMENT_TARGET = 9.3;
				MTL_ENABLE_DEBUG_INFO = NO;
				SDKROOT = iphoneos;
				TARGETED_DEVICE_FAMILY = 2;
				VALIDATE_PRODUCT = YES;
			};
			name = Release;
		};
		2F8B70EC1D3DD32600962C62 /* Debug */ = {
			isa = XCBuildConfiguration;
			buildSettings = {
				ASSETCATALOG_COMPILER_APPICON_NAME = AppIcon;
				CODE_SIGN_ENTITLEMENTS = DoubiDemo/DoubiDemo.entitlements;
				CODE_SIGN_IDENTITY = "iPhone Developer";
				"CODE_SIGN_IDENTITY[sdk=iphoneos*]" = "iPhone Developer";
				INFOPLIST_FILE = DoubiDemo/Info.plist;
				LD_RUNPATH_SEARCH_PATHS = "$(inherited) @executable_path/Frameworks";
				PRODUCT_BUNDLE_IDENTIFIER = com.52hupin.DoubiDemo;
				PRODUCT_NAME = "$(TARGET_NAME)";
				PROVISIONING_PROFILE = "";
				TARGETED_DEVICE_FAMILY = "1,2";
			};
			name = Debug;
		};
		2F8B70ED1D3DD32600962C62 /* Release */ = {
			isa = XCBuildConfiguration;
			buildSettings = {
				ASSETCATALOG_COMPILER_APPICON_NAME = AppIcon;
				CODE_SIGN_ENTITLEMENTS = DoubiDemo/DoubiDemo.entitlements;
				CODE_SIGN_IDENTITY = "iPhone Developer";
				"CODE_SIGN_IDENTITY[sdk=iphoneos*]" = "iPhone Developer";
				INFOPLIST_FILE = DoubiDemo/Info.plist;
				LD_RUNPATH_SEARCH_PATHS = "$(inherited) @executable_path/Frameworks";
				PRODUCT_BUNDLE_IDENTIFIER = com.52hupin.DoubiDemo;
				PRODUCT_NAME = "$(TARGET_NAME)";
				PROVISIONING_PROFILE = "";
				TARGETED_DEVICE_FAMILY = "1,2";
			};
			name = Release;
		};
		2F8B70EF1D3DD32600962C62 /* Debug */ = {
			isa = XCBuildConfiguration;
			buildSettings = {
				BUNDLE_LOADER = "$(TEST_HOST)";
				INFOPLIST_FILE = DoubiDemoTests/Info.plist;
				LD_RUNPATH_SEARCH_PATHS = "$(inherited) @executable_path/Frameworks @loader_path/Frameworks";
				PRODUCT_BUNDLE_IDENTIFIER = com.mRocker.DoubiDemoTests;
				PRODUCT_NAME = "$(TARGET_NAME)";
				TEST_HOST = "$(BUILT_PRODUCTS_DIR)/DoubiDemo.app/DoubiDemo";
			};
			name = Debug;
		};
		2F8B70F01D3DD32600962C62 /* Release */ = {
			isa = XCBuildConfiguration;
			buildSettings = {
				BUNDLE_LOADER = "$(TEST_HOST)";
				INFOPLIST_FILE = DoubiDemoTests/Info.plist;
				LD_RUNPATH_SEARCH_PATHS = "$(inherited) @executable_path/Frameworks @loader_path/Frameworks";
				PRODUCT_BUNDLE_IDENTIFIER = com.mRocker.DoubiDemoTests;
				PRODUCT_NAME = "$(TARGET_NAME)";
				TEST_HOST = "$(BUILT_PRODUCTS_DIR)/DoubiDemo.app/DoubiDemo";
			};
			name = Release;
		};
		2F8B70F21D3DD32600962C62 /* Debug */ = {
			isa = XCBuildConfiguration;
			buildSettings = {
				INFOPLIST_FILE = DoubiDemoUITests/Info.plist;
				LD_RUNPATH_SEARCH_PATHS = "$(inherited) @executable_path/Frameworks @loader_path/Frameworks";
				PRODUCT_BUNDLE_IDENTIFIER = com.mRocker.DoubiDemoUITests;
				PRODUCT_NAME = "$(TARGET_NAME)";
				TEST_TARGET_NAME = DoubiDemo;
			};
			name = Debug;
		};
		2F8B70F31D3DD32600962C62 /* Release */ = {
			isa = XCBuildConfiguration;
			buildSettings = {
				INFOPLIST_FILE = DoubiDemoUITests/Info.plist;
				LD_RUNPATH_SEARCH_PATHS = "$(inherited) @executable_path/Frameworks @loader_path/Frameworks";
				PRODUCT_BUNDLE_IDENTIFIER = com.mRocker.DoubiDemoUITests;
				PRODUCT_NAME = "$(TARGET_NAME)";
				TEST_TARGET_NAME = DoubiDemo;
			};
			name = Release;
		};
/* End XCBuildConfiguration section */

/* Begin XCConfigurationList section */
		2F86674F1D46FF860077435E /* Build configuration list for PBXNativeTarget "ShareExt" */ = {
			isa = XCConfigurationList;
			buildConfigurations = (
				2F86674D1D46FF860077435E /* Debug */,
				2F86674E1D46FF860077435E /* Release */,
			);
			defaultConfigurationIsVisible = 0;
		};
		2F8B70B91D3DD32500962C62 /* Build configuration list for PBXProject "DoubiDemo" */ = {
			isa = XCConfigurationList;
			buildConfigurations = (
				2F8B70E91D3DD32600962C62 /* Debug */,
				2F8B70EA1D3DD32600962C62 /* Release */,
			);
			defaultConfigurationIsVisible = 0;
			defaultConfigurationName = Release;
		};
		2F8B70EB1D3DD32600962C62 /* Build configuration list for PBXNativeTarget "DoubiDemo" */ = {
			isa = XCConfigurationList;
			buildConfigurations = (
				2F8B70EC1D3DD32600962C62 /* Debug */,
				2F8B70ED1D3DD32600962C62 /* Release */,
			);
			defaultConfigurationIsVisible = 0;
			defaultConfigurationName = Release;
		};
		2F8B70EE1D3DD32600962C62 /* Build configuration list for PBXNativeTarget "DoubiDemoTests" */ = {
			isa = XCConfigurationList;
			buildConfigurations = (
				2F8B70EF1D3DD32600962C62 /* Debug */,
				2F8B70F01D3DD32600962C62 /* Release */,
			);
			defaultConfigurationIsVisible = 0;
			defaultConfigurationName = Release;
		};
		2F8B70F11D3DD32600962C62 /* Build configuration list for PBXNativeTarget "DoubiDemoUITests" */ = {
			isa = XCConfigurationList;
			buildConfigurations = (
				2F8B70F21D3DD32600962C62 /* Debug */,
				2F8B70F31D3DD32600962C62 /* Release */,
			);
			defaultConfigurationIsVisible = 0;
			defaultConfigurationName = Release;
		};
/* End XCConfigurationList section */
	};
	rootObject = 2F8B70B61D3DD32500962C62 /* Project object */;
}
